
Microsoft Visual Studio Solution File, Format Version 12.00
# Visual Studio Version 16
VisualStudioVersion = 16.0.31205.134
MinimumVisualStudioVersion = 10.0.40219.1
Project("{888888A0-9F3D-457C-B088-3A5042F75D52}") = "HandWrittenRecognition", "HandWrittenRecognition.pyproj", "{72429F7B-BB5A-4B3E-8C97-A4826FC8E1DC}"
EndProject
Global
	GlobalSection(SolutionConfigurationPlatforms) = preSolution
		Debug|Any CPU = Debug|Any CPU
		Release|Any CPU = Release|Any CPU
	EndGlobalSection
	GlobalSection(ProjectConfigurationPlatforms) = postSolution
		{72429F7B-BB5A-4B3E-8C97-A4826FC8E1DC}.Debug|Any CPU.ActiveCfg = Debug|Any CPU
		{72429F7B-BB5A-4B3E-8C97-A4826FC8E1DC}.Debug|Any CPU.Build.0 = Debug|Any CPU
		{72429F7B-BB5A-4B3E-8C97-A4826FC8E1DC}.Release|Any CPU.ActiveCfg = Release|Any CPU
		{72429F7B-BB5A-4B3E-8C97-A4826FC8E1DC}.Release|Any CPU.Build.0 = Release|Any CPU
	EndGlobalSection
	GlobalSection(SolutionProperties) = preSolution
		HideSolutionNode = FALSE
	EndGlobalSection
	GlobalSection(ExtensibilityGlobals) = postSolution
		SolutionGuid = {0937B6BE-8892-483E-A32C-96F1AB410B93}
	EndGlobalSection
EndGlobal
